
Microsoft Visual Studio Solution File, Format Version 12.00
# Visual Studio Version 16
VisualStudioVersion = 16.0.28902.138
MinimumVisualStudioVersion = 10.0.40219.1
Project("{FAE04EC0-301F-11D3-BF4B-00C04F79EFBC}") = "Ducks.Data", "Ducks.Data\Ducks.Data.csproj", "{808A965D-39BF-4DA1-B3E5-9FDE013B4C92}"
EndProject
Project("{FAE04EC0-301F-11D3-BF4B-00C04F79EFBC}") = "Ducks.Application", "Ducks.Application\Ducks.Application.csproj", "{4EF6F1CC-67B9-4A12-AFB0-275629F86400}"
EndProject
Project("{FAE04EC0-301F-11D3-BF4B-00C04F79EFBC}") = "Ducks.Tests", "Ducks.Tests\Ducks.Tests.csproj", "{80802EFE-6171-4194-9D5F-1BF40523EB31}"
EndProject
Project("{FAE04EC0-301F-11D3-BF4B-00C04F79EFBC}") = "Ducks.Initializer", "Ducks.Initializer\Ducks.Initializer.csproj", "{F20F3865-6AB0-4DEE-9AEF-5381797B6797}"
EndProject
Global
	GlobalSection(SolutionConfigurationPlatforms) = preSolution
		Debug|Any CPU = Debug|Any CPU
		Release|Any CPU = Release|Any CPU
	EndGlobalSection
	GlobalSection(ProjectConfigurationPlatforms) = postSolution
		{808A965D-39BF-4DA1-B3E5-9FDE013B4C92}.Debug|Any CPU.ActiveCfg = Debug|Any CPU
		{808A965D-39BF-4DA1-B3E5-9FDE013B4C92}.Debug|Any CPU.Build.0 = Debug|Any CPU
		{808A965D-39BF-4DA1-B3E5-9FDE013B4C92}.Release|Any CPU.ActiveCfg = Release|Any CPU
		{808A965D-39BF-4DA1-B3E5-9FDE013B4C92}.Release|Any CPU.Build.0 = Release|Any CPU
		{4EF6F1CC-67B9-4A12-AFB0-275629F86400}.Debug|Any CPU.ActiveCfg = Debug|Any CPU
		{4EF6F1CC-67B9-4A12-AFB0-275629F86400}.Debug|Any CPU.Build.0 = Debug|Any CPU
		{4EF6F1CC-67B9-4A12-AFB0-275629F86400}.Release|Any CPU.ActiveCfg = Release|Any CPU
		{4EF6F1CC-67B9-4A12-AFB0-275629F86400}.Release|Any CPU.Build.0 = Release|Any CPU
		{80802EFE-6171-4194-9D5F-1BF40523EB31}.Debug|Any CPU.ActiveCfg = Debug|Any CPU
		{80802EFE-6171-4194-9D5F-1BF40523EB31}.Debug|Any CPU.Build.0 = Debug|Any CPU
		{80802EFE-6171-4194-9D5F-1BF40523EB31}.Release|Any CPU.ActiveCfg = Release|Any CPU
		{80802EFE-6171-4194-9D5F-1BF40523EB31}.Release|Any CPU.Build.0 = Release|Any CPU
		{F20F3865-6AB0-4DEE-9AEF-5381797B6797}.Debug|Any CPU.ActiveCfg = Debug|Any CPU
		{F20F3865-6AB0-4DEE-9AEF-5381797B6797}.Debug|Any CPU.Build.0 = Debug|Any CPU
		{F20F3865-6AB0-4DEE-9AEF-5381797B6797}.Release|Any CPU.ActiveCfg = Release|Any CPU
		{F20F3865-6AB0-4DEE-9AEF-5381797B6797}.Release|Any CPU.Build.0 = Release|Any CPU
	EndGlobalSection
	GlobalSection(SolutionProperties) = preSolution
		HideSolutionNode = FALSE
	EndGlobalSection
	GlobalSection(ExtensibilityGlobals) = postSolution
		SolutionGuid = {0D809FC6-9A67-4F1D-853B-8E03E3770A54}
	EndGlobalSection
EndGlobal
